
Microsoft Visual Studio Solution File, Format Version 12.00
Project("{FAE04EC0-301F-11D3-BF4B-00C04F79EFBC}") = "rlImGui_cs", "rlImGui_cs\rlImGui_cs.csproj", "{409CAC70-5C94-4091-9ABF-1E9CF4014414}"
EndProject
Global
	GlobalSection(SolutionConfigurationPlatforms) = preSolution
		Debug|Any CPU = Debug|Any CPU
		Release|Any CPU = Release|Any CPU
	EndGlobalSection
	GlobalSection(ProjectConfigurationPlatforms) = postSolution
		{409CAC70-5C94-4091-9ABF-1E9CF4014414}.Debug|Any CPU.ActiveCfg = Debug|Any CPU
		{409CAC70-5C94-4091-9ABF-1E9CF4014414}.Debug|Any CPU.Build.0 = Debug|Any CPU
		{409CAC70-5C94-4091-9ABF-1E9CF4014414}.Release|Any CPU.ActiveCfg = Release|Any CPU
		{409CAC70-5C94-4091-9ABF-1E9CF4014414}.Release|Any CPU.Build.0 = Release|Any CPU
	EndGlobalSection
EndGlobal
